Microsoft Visual Studio Solution File, Format Version 11.00
# Visual Studio 2008

Project("{586FC252-98E0-5F30-7332-89FC0A846018}") = "tgame2", "Assembly-CSharp.csproj", "{D31185A6-C0A7-A5A3-F19D-3732363F2ED8}"
EndProject
Project("{586FC252-98E0-5F30-7332-89FC0A846018}") = "tgame2", "Assembly-CSharp-Editor.csproj", "{65D8763B-B6AA-E1F2-F907-7ECF401FA966}"
EndProject
Global
	GlobalSection(SolutionConfigurationPlatforms) = preSolution
		Debug|Any CPU = Debug|Any CPU
		Release|Any CPU = Release|Any CPU
	EndGlobalSection
	GlobalSection(ProjectConfigurationPlatforms) = postSolution
		{D31185A6-C0A7-A5A3-F19D-3732363F2ED8}.Debug|Any CPU.ActiveCfg = Debug|Any CPU
		{D31185A6-C0A7-A5A3-F19D-3732363F2ED8}.Debug|Any CPU.Build.0 = Debug|Any CPU
		{D31185A6-C0A7-A5A3-F19D-3732363F2ED8}.Release|Any CPU.ActiveCfg = Release|Any CPU
		{D31185A6-C0A7-A5A3-F19D-3732363F2ED8}.Release|Any CPU.Build.0 = Release|Any CPU
		{65D8763B-B6AA-E1F2-F907-7ECF401FA966}.Debug|Any CPU.ActiveCfg = Debug|Any CPU
		{65D8763B-B6AA-E1F2-F907-7ECF401FA966}.Debug|Any CPU.Build.0 = Debug|Any CPU
		{65D8763B-B6AA-E1F2-F907-7ECF401FA966}.Release|Any CPU.ActiveCfg = Release|Any CPU
		{65D8763B-B6AA-E1F2-F907-7ECF401FA966}.Release|Any CPU.Build.0 = Release|Any CPU
	EndGlobalSection
	GlobalSection(SolutionProperties) = preSolution
		HideSolutionNode = FALSE
	EndGlobalSection
	GlobalSection(MonoDevelopProperties) = preSolution
		StartupItem = Assembly-CSharp.csproj
	EndGlobalSection
EndGlobal
