
Microsoft Visual Studio Solution File, Format Version 11.00
# Visual Studio 2010
Project("{FAE04EC0-301F-11D3-BF4B-00C04F79EFBC}") = "TGame", "Assembly-CSharp.csproj", "{AA106A64-A5DB-BA56-B869-A91D2C6D37AD}"
EndProject
Project("{FAE04EC0-301F-11D3-BF4B-00C04F79EFBC}") = "TGame", "Assembly-CSharp-Editor.csproj", "{F59F6040-1FBB-31A0-921C-BF1224819888}"
EndProject
Global
	GlobalSection(SolutionConfigurationPlatforms) = preSolution
		Debug|Any CPU = Debug|Any CPU
		Release|Any CPU = Release|Any CPU
	EndGlobalSection
	GlobalSection(ProjectConfigurationPlatforms) = postSolution
		{AA106A64-A5DB-BA56-B869-A91D2C6D37AD}.Debug|Any CPU.ActiveCfg = Debug|Any CPU
		{AA106A64-A5DB-BA56-B869-A91D2C6D37AD}.Debug|Any CPU.Build.0 = Debug|Any CPU
		{AA106A64-A5DB-BA56-B869-A91D2C6D37AD}.Release|Any CPU.ActiveCfg = Release|Any CPU
		{AA106A64-A5DB-BA56-B869-A91D2C6D37AD}.Release|Any CPU.Build.0 = Release|Any CPU
		{F59F6040-1FBB-31A0-921C-BF1224819888}.Debug|Any CPU.ActiveCfg = Debug|Any CPU
		{F59F6040-1FBB-31A0-921C-BF1224819888}.Debug|Any CPU.Build.0 = Debug|Any CPU
		{F59F6040-1FBB-31A0-921C-BF1224819888}.Release|Any CPU.ActiveCfg = Release|Any CPU
		{F59F6040-1FBB-31A0-921C-BF1224819888}.Release|Any CPU.Build.0 = Release|Any CPU
	EndGlobalSection
	GlobalSection(SolutionProperties) = preSolution
		HideSolutionNode = FALSE
	EndGlobalSection
	GlobalSection(MonoDevelopProperties) = preSolution
		Policies = $0
		$0.TextStylePolicy = $1
		$1.inheritsSet = VisualStudio
		$1.inheritsScope = text/plain
		$1.scope = text/x-csharp
		$0.CSharpFormattingPolicy = $2
		$2.IndentSwitchBody = True
		$2.IndentBlocksInsideExpressions = True
		$2.AnonymousMethodBraceStyle = NextLine
		$2.PropertyBraceStyle = NextLine
		$2.PropertyGetBraceStyle = NextLine
		$2.PropertySetBraceStyle = NextLine
		$2.EventBraceStyle = NextLine
		$2.EventAddBraceStyle = NextLine
		$2.EventRemoveBraceStyle = NextLine
		$2.StatementBraceStyle = NextLine
		$2.ElseNewLinePlacement = NewLine
		$2.CatchNewLinePlacement = NewLine
		$2.FinallyNewLinePlacement = NewLine
		$2.WhileNewLinePlacement = DoNotCare
		$2.ArrayInitializerWrapping = DoNotChange
		$2.ArrayInitializerBraceStyle = NextLine
		$2.BeforeMethodDeclarationParentheses = False
		$2.BeforeMethodCallParentheses = False
		$2.BeforeConstructorDeclarationParentheses = False
		$2.NewLineBeforeConstructorInitializerColon = NewLine
		$2.NewLineAfterConstructorInitializerColon = SameLine
		$2.BeforeDelegateDeclarationParentheses = False
		$2.NewParentheses = False
		$2.SpacesBeforeBrackets = False
		$2.inheritsSet = Mono
		$2.inheritsScope = text/x-csharp
		$2.scope = text/x-csharp
		$0.TextStylePolicy = $3
		$3.inheritsSet = VisualStudio
		$3.inheritsScope = text/plain
		$3.scope = text/plain
		$0.TextStylePolicy = $4
		$4.inheritsSet = VisualStudio
		$4.inheritsScope = text/plain
		$4.scope = text/x-shader
		$0.TextStylePolicy = $5
		$5.inheritsSet = VisualStudio
		$5.inheritsScope = text/plain
		$5.scope = text/x-unitytxt
	EndGlobalSection
EndGlobal
